dependencies:
- name: core-operator
  repository: https://helm.calyptia.com
  version: 0.0.12
- name: common
  repository: oci://registry-1.docker.io/bitnamicharts
  version: 2.11.1
- name: loki-stack
  repository: https://grafana.github.io/helm-charts
  version: 2.9.10
- name: fluent-bit
  repository: https://fluent.github.io/helm-charts
  version: 0.38.0
- name: fluent-bit
  repository: https://fluent.github.io/helm-charts
  version: 0.38.0
digest: sha256:5fb910842d2b8143bcecdf3a48f0bc95784bf02a214ee52d4da19b89a4564e3b
generated: "2023-09-15T13:18:13.935547965+01:00"
