dependencies:
- name: core-operator
  repository: https://helm.calyptia.com
  version: 2.9.0
- name: core-crd
  repository: https://helm.calyptia.com
  version: 2.9.0
- name: common
  repository: oci://registry-1.docker.io/bitnamicharts
  version: 2.19.1
- name: loki-stack
  repository: https://grafana.github.io/helm-charts
  version: 2.9.10
- name: fluent-bit
  repository: https://fluent.github.io/helm-charts
  version: 0.46.2
- name: fluent-bit
  repository: https://fluent.github.io/helm-charts
  version: 0.46.2
digest: sha256:98bea5b33a9545d608068e47f7ed1d6682832b48b6b36bc07d4190f697085d36
generated: "2024-04-25T19:06:20.31055249Z"
